
Microsoft Visual Studio Solution File, Format Version 12.00
# Visual Studio Version 17
VisualStudioVersion = 17.7.34202.233
MinimumVisualStudioVersion = 10.0.40219.1
Project("{FAE04EC0-301F-11D3-BF4B-00C04F79EFBC}") = "WinFormGroupProject", "WinFormGroupProject\WinFormGroupProject.csproj", "{4EDD36BB-63E7-4685-93B1-F28EB1285613}"
EndProject
Global
	GlobalSection(SolutionConfigurationPlatforms) = preSolution
		Debug|Any CPU = Debug|Any CPU
		Release|Any CPU = Release|Any CPU
	EndGlobalSection
	GlobalSection(ProjectConfigurationPlatforms) = postSolution
		{4EDD36BB-63E7-4685-93B1-F28EB1285613}.Debug|Any CPU.ActiveCfg = Debug|Any CPU
		{4EDD36BB-63E7-4685-93B1-F28EB1285613}.Debug|Any CPU.Build.0 = Debug|Any CPU
		{4EDD36BB-63E7-4685-93B1-F28EB1285613}.Release|Any CPU.ActiveCfg = Release|Any CPU
		{4EDD36BB-63E7-4685-93B1-F28EB1285613}.Release|Any CPU.Build.0 = Release|Any CPU
	EndGlobalSection
	GlobalSection(SolutionProperties) = preSolution
		HideSolutionNode = FALSE
	EndGlobalSection
	GlobalSection(ExtensibilityGlobals) = postSolution
		SolutionGuid = {898469C8-60ED-40B3-97B9-7BF6BDCCCF9E}
	EndGlobalSection
EndGlobal
